
Microsoft Visual Studio Solution File, Format Version 12.00
# Visual Studio 15
VisualStudioVersion = 15.0.28010.2026
MinimumVisualStudioVersion = 10.0.40219.1
Project("{FAE04EC0-301F-11D3-BF4B-00C04F79EFBC}") = "chapter09", "chapter09\chapter09.csproj", "{FFD4D7D3-FDC6-43F3-A393-94F28E9D2C95}"
EndProject
Global
	GlobalSection(SolutionConfigurationPlatforms) = preSolution
		Debug|Any CPU = Debug|Any CPU
		Release|Any CPU = Release|Any CPU
	EndGlobalSection
	GlobalSection(ProjectConfigurationPlatforms) = postSolution
		{FFD4D7D3-FDC6-43F3-A393-94F28E9D2C95}.Debug|Any CPU.ActiveCfg = Debug|Any CPU
		{FFD4D7D3-FDC6-43F3-A393-94F28E9D2C95}.Debug|Any CPU.Build.0 = Debug|Any CPU
		{FFD4D7D3-FDC6-43F3-A393-94F28E9D2C95}.Release|Any CPU.ActiveCfg = Release|Any CPU
		{FFD4D7D3-FDC6-43F3-A393-94F28E9D2C95}.Release|Any CPU.Build.0 = Release|Any CPU
	EndGlobalSection
	GlobalSection(SolutionProperties) = preSolution
		HideSolutionNode = FALSE
	EndGlobalSection
	GlobalSection(ExtensibilityGlobals) = postSolution
		SolutionGuid = {51E4ECEF-25D0-4F88-B53D-E1427C254B3D}
	EndGlobalSection
EndGlobal
